
Microsoft Visual Studio Solution File, Format Version 12.00
# Visual Studio Version 16
VisualStudioVersion = 16.0.29728.190
MinimumVisualStudioVersion = 10.0.40219.1
Project("{9092AA53-FB77-4645-B42D-1CCCA6BD08BD}") = "WebServer", "WebServer\WebServer.njsproj", "{2D358C11-CF45-4E40-BE66-139A2332745E}"
EndProject
Global
	GlobalSection(SolutionConfigurationPlatforms) = preSolution
		Debug|Any CPU = Debug|Any CPU
		Release|Any CPU = Release|Any CPU
	EndGlobalSection
	GlobalSection(ProjectConfigurationPlatforms) = postSolution
		{2D358C11-CF45-4E40-BE66-139A2332745E}.Debug|Any CPU.ActiveCfg = Debug|Any CPU
		{2D358C11-CF45-4E40-BE66-139A2332745E}.Debug|Any CPU.Build.0 = Debug|Any CPU
		{2D358C11-CF45-4E40-BE66-139A2332745E}.Release|Any CPU.ActiveCfg = Release|Any CPU
		{2D358C11-CF45-4E40-BE66-139A2332745E}.Release|Any CPU.Build.0 = Release|Any CPU
	EndGlobalSection
	GlobalSection(SolutionProperties) = preSolution
		HideSolutionNode = FALSE
	EndGlobalSection
	GlobalSection(ExtensibilityGlobals) = postSolution
		SolutionGuid = {60DC2D1A-EE63-4DFD-86E4-700E19BFEC77}
	EndGlobalSection
EndGlobal
